
Microsoft Visual Studio Solution File, Format Version 12.00
# Visual Studio Version 17
VisualStudioVersion = 17.1.32328.378
MinimumVisualStudioVersion = 10.0.40219.1
Project("{FAE04EC0-301F-11D3-BF4B-00C04F79EFBC}") = "sPalindrome", "sPalindrome\sPalindrome.csproj", "{4DBD2AD1-7857-4D98-80DE-800BA6C62B45}"
EndProject
Global
	GlobalSection(SolutionConfigurationPlatforms) = preSolution
		Debug|Any CPU = Debug|Any CPU
		Release|Any CPU = Release|Any CPU
	EndGlobalSection
	GlobalSection(ProjectConfigurationPlatforms) = postSolution
		{4DBD2AD1-7857-4D98-80DE-800BA6C62B45}.Debug|Any CPU.ActiveCfg = Debug|Any CPU
		{4DBD2AD1-7857-4D98-80DE-800BA6C62B45}.Debug|Any CPU.Build.0 = Debug|Any CPU
		{4DBD2AD1-7857-4D98-80DE-800BA6C62B45}.Release|Any CPU.ActiveCfg = Release|Any CPU
		{4DBD2AD1-7857-4D98-80DE-800BA6C62B45}.Release|Any CPU.Build.0 = Release|Any CPU
	EndGlobalSection
	GlobalSection(SolutionProperties) = preSolution
		HideSolutionNode = FALSE
	EndGlobalSection
	GlobalSection(ExtensibilityGlobals) = postSolution
		SolutionGuid = {558855EB-8114-4449-B40F-C97320F90C18}
	EndGlobalSection
EndGlobal
